{
  "object": {
    "pins": [
      {
        "package": "SwiftServerHTTP",
        "repositoryURL": "https://github.com/swift-server/http.git",
        "state": {
          "branch": "develop",
          "revision": "6b5b27edf0687457978aaacac3790bb44f38d63c",
          "version": null
        }
      }
    ]
  },
  "version": 1
}
